
Microsoft Visual Studio Solution File, Format Version 12.00
# Visual Studio 2013
Project("{FAE04EC0-301F-11D3-BF4B-00C04F79EFBC}") = "UnityVS.uFrame.CSharp", "UnityVS.uFrame.CSharp.csproj", "{94884F10-9A97-0493-2D7D-A85C4D2E9315}"
EndProject
Project("{1FAC5C55-277D-4884-94A4-83DBDAF57E56}") = "UnityVS.uFrame.UnityScript", "UnityVS.uFrame.UnityScript.unityproj", "{BE0EBD5F-7735-0CBC-8434-73A4923B6D84}"
EndProject
Project("{FAE04EC0-301F-11D3-BF4B-00C04F79EFBC}") = "UnityVS.uFrame.CSharp.Editor", "UnityVS.uFrame.CSharp.Editor.csproj", "{68BE0193-FE40-BD95-D644-D5C75A89F7D9}"
EndProject
Project("{FAE04EC0-301F-11D3-BF4B-00C04F79EFBC}") = "UnityVS.uFrame.CSharp.Plugins", "UnityVS.uFrame.CSharp.Plugins.csproj", "{41D84240-1BED-91D1-7E23-A7E1F2E06C3C}"
EndProject
Project("{FAE04EC0-301F-11D3-BF4B-00C04F79EFBC}") = "Invert.uFrame.Editor", "Invert.uFrame.Editor\Invert.uFrame.Editor.csproj", "{93FAEB5C-683E-4093-89CE-6082890A331E}"
EndProject
Project("{FAE04EC0-301F-11D3-BF4B-00C04F79EFBC}") = "Invert.uBehaviours.Editor", "Invert.uBehaviours.Editor\Invert.uBehaviours.Editor.csproj", "{B9147095-B836-4396-875F-9A1AEB8E94CF}"
EndProject
Project("{FAE04EC0-301F-11D3-BF4B-00C04F79EFBC}") = "Invert.uBehaviours", "Invert.uBehaviours\Invert.uBehaviours.csproj", "{A0448E5C-C0A6-40CA-8C82-BDD4472B5E62}"
EndProject
Project("{FAE04EC0-301F-11D3-BF4B-00C04F79EFBC}") = "Invert.uFrame.Editor.UnitTests", "Invert.uFrame.Editor.UnitTests\Invert.uFrame.Editor.UnitTests.csproj", "{363A20F0-4F98-4D2F-95DB-6F5502122023}"
EndProject
Global
	GlobalSection(SolutionConfigurationPlatforms) = preSolution
		Debug|Any CPU = Debug|Any CPU
		Release|Any CPU = Release|Any CPU
	EndGlobalSection
	GlobalSection(ProjectConfigurationPlatforms) = postSolution
		{94884F10-9A97-0493-2D7D-A85C4D2E9315}.Debug|Any CPU.ActiveCfg = Debug|Any CPU
		{94884F10-9A97-0493-2D7D-A85C4D2E9315}.Debug|Any CPU.Build.0 = Debug|Any CPU
		{94884F10-9A97-0493-2D7D-A85C4D2E9315}.Release|Any CPU.ActiveCfg = Release|Any CPU
		{94884F10-9A97-0493-2D7D-A85C4D2E9315}.Release|Any CPU.Build.0 = Release|Any CPU
		{BE0EBD5F-7735-0CBC-8434-73A4923B6D84}.Debug|Any CPU.ActiveCfg = Debug|Any CPU
		{BE0EBD5F-7735-0CBC-8434-73A4923B6D84}.Debug|Any CPU.Build.0 = Debug|Any CPU
		{BE0EBD5F-7735-0CBC-8434-73A4923B6D84}.Release|Any CPU.ActiveCfg = Release|Any CPU
		{BE0EBD5F-7735-0CBC-8434-73A4923B6D84}.Release|Any CPU.Build.0 = Release|Any CPU
		{68BE0193-FE40-BD95-D644-D5C75A89F7D9}.Debug|Any CPU.ActiveCfg = Debug|Any CPU
		{68BE0193-FE40-BD95-D644-D5C75A89F7D9}.Debug|Any CPU.Build.0 = Debug|Any CPU
		{68BE0193-FE40-BD95-D644-D5C75A89F7D9}.Release|Any CPU.ActiveCfg = Release|Any CPU
		{68BE0193-FE40-BD95-D644-D5C75A89F7D9}.Release|Any CPU.Build.0 = Release|Any CPU
		{41D84240-1BED-91D1-7E23-A7E1F2E06C3C}.Debug|Any CPU.ActiveCfg = Debug|Any CPU
		{41D84240-1BED-91D1-7E23-A7E1F2E06C3C}.Debug|Any CPU.Build.0 = Debug|Any CPU
		{41D84240-1BED-91D1-7E23-A7E1F2E06C3C}.Release|Any CPU.ActiveCfg = Release|Any CPU
		{41D84240-1BED-91D1-7E23-A7E1F2E06C3C}.Release|Any CPU.Build.0 = Release|Any CPU
		{93FAEB5C-683E-4093-89CE-6082890A331E}.Debug|Any CPU.ActiveCfg = Debug|Any CPU
		{93FAEB5C-683E-4093-89CE-6082890A331E}.Debug|Any CPU.Build.0 = Debug|Any CPU
		{93FAEB5C-683E-4093-89CE-6082890A331E}.Release|Any CPU.ActiveCfg = Release|Any CPU
		{93FAEB5C-683E-4093-89CE-6082890A331E}.Release|Any CPU.Build.0 = Release|Any CPU
		{B9147095-B836-4396-875F-9A1AEB8E94CF}.Debug|Any CPU.ActiveCfg = Debug|Any CPU
		{B9147095-B836-4396-875F-9A1AEB8E94CF}.Debug|Any CPU.Build.0 = Debug|Any CPU
		{B9147095-B836-4396-875F-9A1AEB8E94CF}.Release|Any CPU.ActiveCfg = Release|Any CPU
		{B9147095-B836-4396-875F-9A1AEB8E94CF}.Release|Any CPU.Build.0 = Release|Any CPU
		{A0448E5C-C0A6-40CA-8C82-BDD4472B5E62}.Debug|Any CPU.ActiveCfg = Debug|Any CPU
		{A0448E5C-C0A6-40CA-8C82-BDD4472B5E62}.Debug|Any CPU.Build.0 = Debug|Any CPU
		{A0448E5C-C0A6-40CA-8C82-BDD4472B5E62}.Release|Any CPU.ActiveCfg = Release|Any CPU
		{A0448E5C-C0A6-40CA-8C82-BDD4472B5E62}.Release|Any CPU.Build.0 = Release|Any CPU
		{363A20F0-4F98-4D2F-95DB-6F5502122023}.Debug|Any CPU.ActiveCfg = Debug|Any CPU
		{363A20F0-4F98-4D2F-95DB-6F5502122023}.Debug|Any CPU.Build.0 = Debug|Any CPU
		{363A20F0-4F98-4D2F-95DB-6F5502122023}.Release|Any CPU.ActiveCfg = Release|Any CPU
		{363A20F0-4F98-4D2F-95DB-6F5502122023}.Release|Any CPU.Build.0 = Release|Any CPU
	EndGlobalSection
	GlobalSection(SolutionProperties) = preSolution
		HideSolutionNode = FALSE
	EndGlobalSection
EndGlobal
